
Microsoft Visual Studio Solution File, Format Version 12.00
Project("{FAE04EC0-301F-11D3-BF4B-00C04F79EFBC}") = "CodaWars", "CodaWars\CodaWars.csproj", "{775BF426-1CDF-42A7-98BC-AD8683698338}"
EndProject
Project("{FAE04EC0-301F-11D3-BF4B-00C04F79EFBC}") = "LeetCode", "LeetCode\LeetCode.csproj", "{8C03FCA2-3F4D-4E81-A06E-4B4B349D24B3}"
EndProject
Global
	GlobalSection(SolutionConfigurationPlatforms) = preSolution
		Debug|Any CPU = Debug|Any CPU
		Release|Any CPU = Release|Any CPU
	EndGlobalSection
	GlobalSection(ProjectConfigurationPlatforms) = postSolution
		{775BF426-1CDF-42A7-98BC-AD8683698338}.Debug|Any CPU.ActiveCfg = Debug|Any CPU
		{775BF426-1CDF-42A7-98BC-AD8683698338}.Debug|Any CPU.Build.0 = Debug|Any CPU
		{775BF426-1CDF-42A7-98BC-AD8683698338}.Release|Any CPU.ActiveCfg = Release|Any CPU
		{775BF426-1CDF-42A7-98BC-AD8683698338}.Release|Any CPU.Build.0 = Release|Any CPU
		{8C03FCA2-3F4D-4E81-A06E-4B4B349D24B3}.Debug|Any CPU.ActiveCfg = Debug|Any CPU
		{8C03FCA2-3F4D-4E81-A06E-4B4B349D24B3}.Debug|Any CPU.Build.0 = Debug|Any CPU
		{8C03FCA2-3F4D-4E81-A06E-4B4B349D24B3}.Release|Any CPU.ActiveCfg = Release|Any CPU
		{8C03FCA2-3F4D-4E81-A06E-4B4B349D24B3}.Release|Any CPU.Build.0 = Release|Any CPU
	EndGlobalSection
EndGlobal
